{
  "name": "phat-event-demo",
  "version": "1.0.0",
  "lockfileVersion": 1,
  "requires": true,
  "dependencies": {
    "phat-event": {
      "version": "1.0.0",
      "resolved": "https://registry.npmjs.org/phat-event/-/phat-event-1.0.0.tgz",
      "integrity": "sha512-CEZOxzusmSGuM07k/IYQwhe5n4Ua0UYcrdwdVZ3UdDt+yJwabKuG7nS5SS7moLHKDf94bDnI7pithVEOxPKuMg=="
    }
  }
}
